// !$*UTF8*$!
{
	archiveVersion = 1;
	classes = {
	};
	objectVersion = 56;
	objects = {

/* Begin PBXBuildFile section */
		CB0A4C052C1D9971009F515B /* AppDelegate.swift in Sources */ = {isa = PBXBuildFile; fileRef = CB0A4C042C1D9971009F515B /* AppDelegate.swift */; };
		CB0A4C072C1D9971009F515B /* SceneDelegate.swift in Sources */ = {isa = PBXBuildFile; fileRef = CB0A4C062C1D9971009F515B /* SceneDelegate.swift */; };
		CB0A4C092C1D9971009F515B /* ViewController.swift in Sources */ = {isa = PBXBuildFile; fileRef = CB0A4C082C1D9971009F515B /* ViewController.swift */; };
		CB0A4C0C2C1D9971009F515B /* Base in Resources */ = {isa = PBXBuildFile; fileRef = CB0A4C0B2C1D9971009F515B /* Base */; };
		CB0A4C0E2C1D9975009F515B /* Assets.xcassets in Resources */ = {isa = PBXBuildFile; fileRef = CB0A4C0D2C1D9975009F515B /* Assets.xcassets */; };
		CB0A4C112C1D9975009F515B /* Base in Resources */ = {isa = PBXBuildFile; fileRef = CB0A4C102C1D9975009F515B /* Base */; };
		CB0A4C192C1D9B6B009F515B /* QuizViewController.swift in Sources */ = {isa = PBXBuildFile; fileRef = CB0A4C182C1D9B6B009F515B /* QuizViewController.swift */; };
		CB0A4C1B2C1D9C4A009F515B /* ScoreViewController.swift in Sources */ = {isa = PBXBuildFile; fileRef = CB0A4C1A2C1D9C4A009F515B /* ScoreViewController.swift */; };
		CB0A4C1D2C1D9FEA009F515B /* quiz.csv in Resources */ = {isa = PBXBuildFile; fileRef = CB0A4C1C2C1D9FEA009F515B /* quiz.csv */; };
		CB40F5172C1DA8A1001CF271 /* correct.png in Resources */ = {isa = PBXBuildFile; fileRef = CB40F5142C1DA8A0001CF271 /* correct.png */; };
		CB40F5182C1DA8A1001CF271 /* incorrect.png in Resources */ = {isa = PBXBuildFile; fileRef = CB40F5152C1DA8A0001CF271 /* incorrect.png */; };
/* End PBXBuildFile section */

/* Begin PBXFileReference section */
		CB0A4C012C1D9971009F515B /* sampleApp.app */ = {isa = PBXFileReference; explicitFileType = wrapper.application; includeInIndex = 0; path = sampleApp.app; sourceTree = BUILT_PRODUCTS_DIR; };
		CB0A4C042C1D9971009F515B /* AppDelegate.swift */ = {isa = PBXFileReference; lastKnownFileType = sourcecode.swift; path = AppDelegate.swift; sourceTree = "<group>"; };
		CB0A4C062C1D9971009F515B /* SceneDelegate.swift */ = {isa = PBXFileReference; lastKnownFileType = sourcecode.swift; path = SceneDelegate.swift; sourceTree = "<group>"; };
		CB0A4C082C1D9971009F515B /* ViewController.swift */ = {isa = PBXFileReference; lastKnownFileType = sourcecode.swift; path = ViewController.swift; sourceTree = "<group>"; };
		CB0A4C0B2C1D9971009F515B /* Base */ = {isa = PBXFileReference; lastKnownFileType = file.storyboard; name = Base; path = Base.lproj/Main.storyboard; sourceTree = "<group>"; };
		CB0A4C0D2C1D9975009F515B /* Assets.xcassets */ = {isa = PBXFileReference; lastKnownFileType = folder.assetcatalog; path = Assets.xcassets; sourceTree = "<group>"; };
		CB0A4C102C1D9975009F515B /* Base */ = {isa = PBXFileReference; lastKnownFileType = file.storyboard; name = Base; path = Base.lproj/LaunchScreen.storyboard; sourceTree = "<group>"; };
		CB0A4C122C1D9975009F515B /* Info.plist */ = {isa = PBXFileReference; lastKnownFileType = text.plist.xml; path = Info.plist; sourceTree = "<group>"; };
		CB0A4C182C1D9B6B009F515B /* QuizViewController.swift */ = {isa = PBXFileReference; lastKnownFileType = sourcecode.swift; path = QuizViewController.swift; sourceTree = "<group>"; };
		CB0A4C1A2C1D9C4A009F515B /* ScoreViewController.swift */ = {isa = PBXFileReference; lastKnownFileType = sourcecode.swift; path = ScoreViewController.swift; sourceTree = "<group>"; };
		CB0A4C1C2C1D9FEA009F515B /* quiz.csv */ = {isa = PBXFileReference; lastKnownFileType = text; path = quiz.csv; sourceTree = "<group>"; };
		CB40F5142C1DA8A0001CF271 /* correct.png */ = {isa = PBXFileReference; lastKnownFileType = image.png; path = correct.png; sourceTree = "<group>"; };
		CB40F5152C1DA8A0001CF271 /* incorrect.png */ = {isa = PBXFileReference; lastKnownFileType = image.png; path = incorrect.png; sourceTree = "<group>"; };
/* End PBXFileReference section */

/* Begin PBXFrameworksBuildPhase section */
		CB0A4BFE2C1D9971009F515B /* Frameworks */ = {
			isa = PBXFrameworksBuildPhase;
			buildActionMask = 2147483647;
			files = (
			);
			runOnlyForDeploymentPostprocessing = 0;
		};
/* End PBXFrameworksBuildPhase section */

/* Begin PBXGroup section */
		CB0A4BF82C1D9971009F515B = {
			isa = PBXGroup;
			children = (
				CB0A4C032C1D9971009F515B /* sampleApp */,
				CB0A4C022C1D9971009F515B /* Products */,
			);
			sourceTree = "<group>";
		};
		CB0A4C022C1D9971009F515B /* Products */ = {
			isa = PBXGroup;
			children = (
				CB0A4C012C1D9971009F515B /* sampleApp.app */,
			);
			name = Products;
			sourceTree = "<group>";
		};
		CB0A4C032C1D9971009F515B /* sampleApp */ = {
			isa = PBXGroup;
			children = (
				CB0A4C042C1D9971009F515B /* AppDelegate.swift */,
				CB0A4C062C1D9971009F515B /* SceneDelegate.swift */,
				CB0A4C082C1D9971009F515B /* ViewController.swift */,
				CB0A4C0A2C1D9971009F515B /* Main.storyboard */,
				CB0A4C1C2C1D9FEA009F515B /* quiz.csv */,
				CB0A4C1A2C1D9C4A009F515B /* ScoreViewController.swift */,
				CB0A4C182C1D9B6B009F515B /* QuizViewController.swift */,
				CB0A4C0D2C1D9975009F515B /* Assets.xcassets */,
				CB40F5162C1DA8A0001CF271 /* image 2 */,
				CB0A4C0F2C1D9975009F515B /* LaunchScreen.storyboard */,
				CB0A4C122C1D9975009F515B /* Info.plist */,
			);
			path = sampleApp;
			sourceTree = "<group>";
		};
		CB40F5162C1DA8A0001CF271 /* image 2 */ = {
			isa = PBXGroup;
			children = (
				CB40F5142C1DA8A0001CF271 /* correct.png */,
				CB40F5152C1DA8A0001CF271 /* incorrect.png */,
			);
			path = "image 2";
			sourceTree = "<group>";
		};
/* End PBXGroup section */

/* Begin PBXNativeTarget section */
		CB0A4C002C1D9971009F515B /* sampleApp */ = {
			isa = PBXNativeTarget;
			buildConfigurationList = CB0A4C152C1D9975009F515B /* Build configuration list for PBXNativeTarget "sampleApp" */;
			buildPhases = (
				CB0A4BFD2C1D9971009F515B /* Sources */,
				CB0A4BFE2C1D9971009F515B /* Frameworks */,
				CB0A4BFF2C1D9971009F515B /* Resources */,
			);
			buildRules = (
			);
			dependencies = (
			);
			name = sampleApp;
			productName = sampleApp;
			productReference = CB0A4C012C1D9971009F515B /* sampleApp.app */;
			productType = "com.apple.product-type.application";
		};
/* End PBXNativeTarget section */

/* Begin PBXProject section */
		CB0A4BF92C1D9971009F515B /* Project object */ = {
			isa = PBXProject;
			attributes = {
				BuildIndependentTargetsInParallel = 1;
				LastSwiftUpdateCheck = 1540;
				LastUpgradeCheck = 1540;
				TargetAttributes = {
					CB0A4C002C1D9971009F515B = {
						CreatedOnToolsVersion = 15.4;
					};
				};
			};
			buildConfigurationList = CB0A4BFC2C1D9971009F515B /* Build configuration list for PBXProject "sampleApp" */;
			compatibilityVersion = "Xcode 14.0";
			developmentRegion = en;
			hasScannedForEncodings = 0;
			knownRegions = (
				en,
				Base,
			);
			mainGroup = CB0A4BF82C1D9971009F515B;
			productRefGroup = CB0A4C022C1D9971009F515B /* Products */;
			projectDirPath = "";
			projectRoot = "";
			targets = (
				CB0A4C002C1D9971009F515B /* sampleApp */,
			);
		};
/* End PBXProject section */

/* Begin PBXResourcesBuildPhase section */
		CB0A4BFF2C1D9971009F515B /* Resources */ = {
			isa = PBXResourcesBuildPhase;
			buildActionMask = 2147483647;
			files = (
				CB40F5172C1DA8A1001CF271 /* correct.png in Resources */,
				CB40F5182C1DA8A1001CF271 /* incorrect.png in Resources */,
				CB0A4C0E2C1D9975009F515B /* Assets.xcassets in Resources */,
				CB0A4C112C1D9975009F515B /* Base in Resources */,
				CB0A4C0C2C1D9971009F515B /* Base in Resources */,
				CB0A4C1D2C1D9FEA009F515B /* quiz.csv in Resources */,
			);
			runOnlyForDeploymentPostprocessing = 0;
		};
/* End PBXResourcesBuildPhase section */

/* Begin PBXSourcesBuildPhase section */
		CB0A4BFD2C1D9971009F515B /* Sources */ = {
			isa = PBXSourcesBuildPhase;
			buildActionMask = 2147483647;
			files = (
				CB0A4C092C1D9971009F515B /* ViewController.swift in Sources */,
				CB0A4C052C1D9971009F515B /* AppDelegate.swift in Sources */,
				CB0A4C1B2C1D9C4A009F515B /* ScoreViewController.swift in Sources */,
				CB0A4C072C1D9971009F515B /* SceneDelegate.swift in Sources */,
				CB0A4C192C1D9B6B009F515B /* QuizViewController.swift in Sources */,
			);
			runOnlyForDeploymentPostprocessing = 0;
		};
/* End PBXSourcesBuildPhase section */

/* Begin PBXVariantGroup section */
		CB0A4C0A2C1D9971009F515B /* Main.storyboard */ = {
			isa = PBXVariantGroup;
			children = (
				CB0A4C0B2C1D9971009F515B /* Base */,
			);
			name = Main.storyboard;
			sourceTree = "<group>";
		};
		CB0A4C0F2C1D9975009F515B /* LaunchScreen.storyboard */ = {
			isa = PBXVariantGroup;
			children = (
				CB0A4C102C1D9975009F515B /* Base */,
			);
			name = LaunchScreen.storyboard;
			sourceTree = "<group>";
		};
/* End PBXVariantGroup section */

/* Begin XCBuildConfiguration section */
		CB0A4C132C1D9975009F515B /* Debug */ = {
			isa = XCBuildConfiguration;
			buildSettings = {
				ALWAYS_SEARCH_USER_PATHS = NO;
				ASSETCATALOG_COMPILER_GENERATE_SWIFT_ASSET_SYMBOL_EXTENSIONS = YES;
				CLANG_ANALYZER_NONNULL = YES;
				CLANG_ANALYZER_NUMBER_OBJECT_CONVERSION = YES_AGGRESSIVE;
				CLANG_CXX_LANGUAGE_STANDARD = "gnu++20";
				CLANG_ENABLE_MODULES = YES;
				CLANG_ENABLE_OBJC_ARC = YES;
				CLANG_ENABLE_OBJC_WEAK = YES;
				CLANG_WARN_BLOCK_CAPTURE_AUTORELEASING = YES;
				CLANG_WARN_BOOL_CONVERSION = YES;
				CLANG_WARN_COMMA = YES;
				CLANG_WARN_CONSTANT_CONVERSION = YES;
				CLANG_WARN_DEPRECATED_OBJC_IMPLEMENTATIONS = YES;
				CLANG_WARN_DIRECT_OBJC_ISA_USAGE = YES_ERROR;
				CLANG_WARN_DOCUMENTATION_COMMENTS = YES;
				CLANG_WARN_EMPTY_BODY = YES;
				CLANG_WARN_ENUM_CONVERSION = YES;
				CLANG_WARN_INFINITE_RECURSION = YES;
				CLANG_WARN_INT_CONVERSION = YES;
				CLANG_WARN_NON_LITERAL_NULL_CONVERSION = YES;
				CLANG_WARN_OBJC_IMPLICIT_RETAIN_SELF = YES;
				CLANG_WARN_OBJC_LITERAL_CONVERSION = YES;
				CLANG_WARN_OBJC_ROOT_CLASS = YES_ERROR;
				CLANG_WARN_QUOTED_INCLUDE_IN_FRAMEWORK_HEADER = YES;
				CLANG_WARN_RANGE_LOOP_ANALYSIS = YES;
				CLANG_WARN_STRICT_PROTOTYPES = YES;
				CLANG_WARN_SUSPICIOUS_MOVE = YES;
				CLANG_WARN_UNGUARDED_AVAILABILITY = YES_AGGRESSIVE;
				CLANG_WARN_UNREACHABLE_CODE = YES;
				CLANG_WARN__DUPLICATE_METHOD_MATCH = YES;
				COPY_PHASE_STRIP = NO;
				DEBUG_INFORMATION_FORMAT = dwarf;
				ENABLE_STRICT_OBJC_MSGSEND = YES;
				ENABLE_TESTABILITY = YES;
				ENABLE_USER_SCRIPT_SANDBOXING = YES;
				GCC_C_LANGUAGE_STANDARD = gnu17;
				GCC_DYNAMIC_NO_PIC = NO;
				GCC_NO_COMMON_BLOCKS = YES;
				GCC_OPTIMIZATION_LEVEL = 0;
				GCC_PREPROCESSOR_DEFINITIONS = (
					"DEBUG=1",
					"$(inherited)",
				);
				GCC_WARN_64_TO_32_BIT_CONVERSION = YES;
				GCC_WARN_ABOUT_RETURN_TYPE = YES_ERROR;
				GCC_WARN_UNDECLARED_SELECTOR = YES;
				GCC_WARN_UNINITIALIZED_AUTOS = YES_AGGRESSIVE;
				GCC_WARN_UNUSED_FUNCTION = YES;
				GCC_WARN_UNUSED_VARIABLE = YES;
				IPHONEOS_DEPLOYMENT_TARGET = 17.5;
				LOCALIZATION_PREFERS_STRING_CATALOGS = YES;
				MTL_ENABLE_DEBUG_INFO = INCLUDE_SOURCE;
				MTL_FAST_MATH = YES;
				ONLY_ACTIVE_ARCH = YES;
				SDKROOT = iphoneos;
				SWIFT_ACTIVE_COMPILATION_CONDITIONS = "DEBUG $(inherited)";
				SWIFT_OPTIMIZATION_LEVEL = "-Onone";
			};
			name = Debug;
		};
		CB0A4C142C1D9975009F515B /* Release */ = {
			isa = XCBuildConfiguration;
			buildSettings = {
				ALWAYS_SEARCH_USER_PATHS = NO;
				ASSETCATALOG_COMPILER_GENERATE_SWIFT_ASSET_SYMBOL_EXTENSIONS = YES;
				CLANG_ANALYZER_NONNULL = YES;
				CLANG_ANALYZER_NUMBER_OBJECT_CONVERSION = YES_AGGRESSIVE;
				CLANG_CXX_LANGUAGE_STANDARD = "gnu++20";
				CLANG_ENABLE_MODULES = YES;
				CLANG_ENABLE_OBJC_ARC = YES;
				CLANG_ENABLE_OBJC_WEAK = YES;
				CLANG_WARN_BLOCK_CAPTURE_AUTORELEASING = YES;
				CLANG_WARN_BOOL_CONVERSION = YES;
				CLANG_WARN_COMMA = YES;
				CLANG_WARN_CONSTANT_CONVERSION = YES;
				CLANG_WARN_DEPRECATED_OBJC_IMPLEMENTATIONS = YES;
				CLANG_WARN_DIRECT_OBJC_ISA_USAGE = YES_ERROR;
				CLANG_WARN_DOCUMENTATION_COMMENTS = YES;
				CLANG_WARN_EMPTY_BODY = YES;
				CLANG_WARN_ENUM_CONVERSION = YES;
				CLANG_WARN_INFINITE_RECURSION = YES;
				CLANG_WARN_INT_CONVERSION = YES;
				CLANG_WARN_NON_LITERAL_NULL_CONVERSION = YES;
				CLANG_WARN_OBJC_IMPLICIT_RETAIN_SELF = YES;
				CLANG_WARN_OBJC_LITERAL_CONVERSION = YES;
				CLANG_WARN_OBJC_ROOT_CLASS = YES_ERROR;
				CLANG_WARN_QUOTED_INCLUDE_IN_FRAMEWORK_HEADER = YES;
				CLANG_WARN_RANGE_LOOP_ANALYSIS = YES;
				CLANG_WARN_STRICT_PROTOTYPES = YES;
				CLANG_WARN_SUSPICIOUS_MOVE = YES;
				CLANG_WARN_UNGUARDED_AVAILABILITY = YES_AGGRESSIVE;
				CLANG_WARN_UNREACHABLE_CODE = YES;
				CLANG_WARN__DUPLICATE_METHOD_MATCH = YES;
				COPY_PHASE_STRIP = NO;
				DEBUG_INFORMATION_FORMAT = "dwarf-with-dsym";
				ENABLE_NS_ASSERTIONS = NO;
				ENABLE_STRICT_OBJC_MSGSEND = YES;
				ENABLE_USER_SCRIPT_SANDBOXING = YES;
				GCC_C_LANGUAGE_STANDARD = gnu17;
				GCC_NO_COMMON_BLOCKS = YES;
				GCC_WARN_64_TO_32_BIT_CONVERSION = YES;
				GCC_WARN_ABOUT_RETURN_TYPE = YES_ERROR;
				GCC_WARN_UNDECLARED_SELECTOR = YES;
				GCC_WARN_UNINITIALIZED_AUTOS = YES_AGGRESSIVE;
				GCC_WARN_UNUSED_FUNCTION = YES;
				GCC_WARN_UNUSED_VARIABLE = YES;
				IPHONEOS_DEPLOYMENT_TARGET = 17.5;
				LOCALIZATION_PREFERS_STRING_CATALOGS = YES;
				MTL_ENABLE_DEBUG_INFO = NO;
				MTL_FAST_MATH = YES;
				SDKROOT = iphoneos;
				SWIFT_COMPILATION_MODE = wholemodule;
				VALIDATE_PRODUCT = YES;
			};
			name = Release;
		};
		CB0A4C162C1D9975009F515B /* Debug */ = {
			isa = XCBuildConfiguration;
			buildSettings = {
				ASSETCATALOG_COMPILER_APPICON_NAME = AppIcon;
				ASSETCATALOG_COMPILER_GLOBAL_ACCENT_COLOR_NAME = AccentColor;
				CODE_SIGN_STYLE = Automatic;
				CURRENT_PROJECT_VERSION = 1;
				DEVELOPMENT_TEAM = G28VAH56BG;
				GENERATE_INFOPLIST_FILE = YES;
				INFOPLIST_FILE = sampleApp/Info.plist;
				INFOPLIST_KEY_UIApplicationSupportsIndirectInputEvents = YES;
				INFOPLIST_KEY_UILaunchStoryboardName = LaunchScreen;
				INFOPLIST_KEY_UIMainStoryboardFile = Main;
				INFOPLIST_KEY_UISupportedInterfaceOrientations_iPad = "UIInterfaceOrientationPortrait UIInterfaceOrientationPortraitUpsideDown UIInterfaceOrientationLandscapeLeft UIInterfaceOrientationLandscapeRight";
				INFOPLIST_KEY_UISupportedInterfaceOrientations_iPhone = "UIInterfaceOrientationPortrait UIInterfaceOrientationLandscapeLeft UIInterfaceOrientationLandscapeRight";
				LD_RUNPATH_SEARCH_PATHS = (
					"$(inherited)",
					"@executable_path/Frameworks",
				);
				MARKETING_VERSION = 1.0;
				PRODUCT_BUNDLE_IDENTIFIER = com.higaryuta.sampleApp;
				PRODUCT_NAME = "$(TARGET_NAME)";
				SWIFT_EMIT_LOC_STRINGS = YES;
				SWIFT_VERSION = 5.0;
				TARGETED_DEVICE_FAMILY = "1,2";
			};
			name = Debug;
		};
		CB0A4C172C1D9975009F515B /* Release */ = {
			isa = XCBuildConfiguration;
			buildSettings = {
				ASSETCATALOG_COMPILER_APPICON_NAME = AppIcon;
				ASSETCATALOG_COMPILER_GLOBAL_ACCENT_COLOR_NAME = AccentColor;
				CODE_SIGN_STYLE = Automatic;
				CURRENT_PROJECT_VERSION = 1;
				DEVELOPMENT_TEAM = G28VAH56BG;
				GENERATE_INFOPLIST_FILE = YES;
				INFOPLIST_FILE = sampleApp/Info.plist;
				INFOPLIST_KEY_UIApplicationSupportsIndirectInputEvents = YES;
				INFOPLIST_KEY_UILaunchStoryboardName = LaunchScreen;
				INFOPLIST_KEY_UIMainStoryboardFile = Main;
				INFOPLIST_KEY_UISupportedInterfaceOrientations_iPad = "UIInterfaceOrientationPortrait UIInterfaceOrientationPortraitUpsideDown UIInterfaceOrientationLandscapeLeft UIInterfaceOrientationLandscapeRight";
				INFOPLIST_KEY_UISupportedInterfaceOrientations_iPhone = "UIInterfaceOrientationPortrait UIInterfaceOrientationLandscapeLeft UIInterfaceOrientationLandscapeRight";
				LD_RUNPATH_SEARCH_PATHS = (
					"$(inherited)",
					"@executable_path/Frameworks",
				);
				MARKETING_VERSION = 1.0;
				PRODUCT_BUNDLE_IDENTIFIER = com.higaryuta.sampleApp;
				PRODUCT_NAME = "$(TARGET_NAME)";
				SWIFT_EMIT_LOC_STRINGS = YES;
				SWIFT_VERSION = 5.0;
				TARGETED_DEVICE_FAMILY = "1,2";
			};
			name = Release;
		};
/* End XCBuildConfiguration section */

/* Begin XCConfigurationList section */
		CB0A4BFC2C1D9971009F515B /* Build configuration list for PBXProject "sampleApp" */ = {
			isa = XCConfigurationList;
			buildConfigurations = (
				CB0A4C132C1D9975009F515B /* Debug */,
				CB0A4C142C1D9975009F515B /* Release */,
			);
			defaultConfigurationIsVisible = 0;
			defaultConfigurationName = Release;
		};
		CB0A4C152C1D9975009F515B /* Build configuration list for PBXNativeTarget "sampleApp" */ = {
			isa = XCConfigurationList;
			buildConfigurations = (
				CB0A4C162C1D9975009F515B /* Debug */,
				CB0A4C172C1D9975009F515B /* Release */,
			);
			defaultConfigurationIsVisible = 0;
			defaultConfigurationName = Release;
		};
/* End XCConfigurationList section */
	};
	rootObject = CB0A4BF92C1D9971009F515B /* Project object */;
}
